<?xml version="1.0" encoding="utf-8"?>
<Project ToolsVersion="17.0" xmlns="http://schemas.microsoft.com/developer/msbuild/2003">
  <ItemGroup>
    <ClCompile Include="E:\code\projects\CudaRayTracer\Src\Core\scene.cpp">
      <Filter>Source Files</Filter>
    </ClCompile>
    <ClCompile Include="E:\code\projects\CudaRayTracer\Src\Utils\objloader.cpp">
      <Filter>Source Files</Filter>
    </ClCompile>
    <ClCompile Include="E:\code\projects\CudaRayTracer\Src\Utils\shader.cpp">
      <Filter>Source Files</Filter>
    </ClCompile>
    <ClCompile Include="E:\code\projects\CudaRayTracer\Src\Utils\stringutil.cpp">
      <Filter>Source Files</Filter>
    </ClCompile>
    <ClCompile Include="E:\code\projects\CudaRayTracer\Src\Utils\ui.cpp">
      <Filter>Source Files</Filter>
    </ClCompile>
    <ClCompile Include="E:\code\projects\CudaRayTracer\ThirdParty\Imgui\imgui.cpp">
      <Filter>Source Files</Filter>
    </ClCompile>
    <ClCompile Include="E:\code\projects\CudaRayTracer\ThirdParty\Imgui\imgui_demo.cpp">
      <Filter>Source Files</Filter>
    </ClCompile>
    <ClCompile Include="E:\code\projects\CudaRayTracer\ThirdParty\Imgui\imgui_draw.cpp">
      <Filter>Source Files</Filter>
    </ClCompile>
    <ClCompile Include="E:\code\projects\CudaRayTracer\ThirdParty\Imgui\imgui_impl_glfw.cpp">
      <Filter>Source Files</Filter>
    </ClCompile>
    <ClCompile Include="E:\code\projects\CudaRayTracer\ThirdParty\Imgui\imgui_impl_opengl3.cpp">
      <Filter>Source Files</Filter>
    </ClCompile>
    <ClCompile Include="E:\code\projects\CudaRayTracer\ThirdParty\Imgui\imgui_tables.cpp">
      <Filter>Source Files</Filter>
    </ClCompile>
    <ClCompile Include="E:\code\projects\CudaRayTracer\ThirdParty\Imgui\imgui_widgets.cpp">
      <Filter>Source Files</Filter>
    </ClCompile>
    <ClCompile Include="E:\code\projects\CudaRayTracer\ThirdParty\Glad\glad.c">
      <Filter>Source Files</Filter>
    </ClCompile>
  </ItemGroup>
  <ItemGroup>
    <CudaCompile Include="Src\Core\bvh.cu">
      <Filter>Source Files</Filter>
    </CudaCompile>
    <CudaCompile Include="Src\Core\camera.cu">
      <Filter>Source Files</Filter>
    </CudaCompile>
    <CudaCompile Include="Src\Core\light.cu">
      <Filter>Source Files</Filter>
    </CudaCompile>
    <CudaCompile Include="Src\Core\material.cu">
      <Filter>Source Files</Filter>
    </CudaCompile>
    <CudaCompile Include="Src\Core\sampler.cu">
      <Filter>Source Files</Filter>
    </CudaCompile>
    <CudaCompile Include="Src\Core\triangle.cu">
      <Filter>Source Files</Filter>
    </CudaCompile>
    <CudaCompile Include="Src\Utils\mathutil.cu">
      <Filter>Source Files</Filter>
    </CudaCompile>
    <CudaCompile Include="Src\main.cu">
      <Filter>Source Files</Filter>
    </CudaCompile>
  </ItemGroup>
  <ItemGroup>
    <CustomBuild Include="E:\code\projects\CudaRayTracer\CMakeLists.txt" />
  </ItemGroup>
  <ItemGroup>
    <Filter Include="Source Files">
      <UniqueIdentifier>{4F3A78F2-E441-3996-9829-8BC3C6882F6F}</UniqueIdentifier>
    </Filter>
  </ItemGroup>
</Project>
